{
  "version": "5",
  "redirects": {
    "https://esm.sh/@supabase/node-fetch@^2.6.14?target=denonext": "https://esm.sh/@supabase/node-fetch@2.6.15?target=denonext",
    "https://esm.sh/@supabase/supabase-js@2": "https://esm.sh/@supabase/supabase-js@2.49.7",
    "https://esm.sh/@types/ws@~8.18.1/index.d.mts": "https://esm.sh/@types/ws@8.18.1/index.d.mts",
    "https://esm.sh/bufferutil@^4.0.1?target=denonext": "https://esm.sh/bufferutil@4.0.9?target=denonext",
    "https://esm.sh/node-gyp-build@^4.3.0?target=denonext": "https://esm.sh/node-gyp-build@4.8.4?target=denonext",
    "https://esm.sh/tr46@~0.0.3?target=denonext": "https://esm.sh/tr46@0.0.3?target=denonext",
    "https://esm.sh/utf-8-validate@%3E=5.0.2?target=denonext": "https://esm.sh/utf-8-validate@6.0.5?target=denonext",
    "https://esm.sh/webidl-conversions@^3.0.0?target=denonext": "https://esm.sh/webidl-conversions@3.0.1?target=denonext",
    "https://esm.sh/whatwg-url@^5.0.0?target=denonext": "https://esm.sh/whatwg-url@5.0.0?target=denonext",
    "https://esm.sh/ws@^8.18.0?target=denonext": "https://esm.sh/ws@8.18.2?target=denonext"
  },
  "remote": {
    "https://deno.land/std@0.168.0/_util/asserts.ts": "d0844e9b62510f89ce1f9878b046f6a57bf88f208a10304aab50efcb48365272",
    "https://deno.land/std@0.168.0/async/abortable.ts": "80b2ac399f142cc528f95a037a7d0e653296352d95c681e284533765961de409",
    "https://deno.land/std@0.168.0/async/deadline.ts": "2c2deb53c7c28ca1dda7a3ad81e70508b1ebc25db52559de6b8636c9278fd41f",
    "https://deno.land/std@0.168.0/async/debounce.ts": "60301ffb37e730cd2d6f9dadfd0ecb2a38857681bd7aaf6b0a106b06e5210a98",
    "https://deno.land/std@0.168.0/async/deferred.ts": "77d3f84255c3627f1cc88699d8472b664d7635990d5358c4351623e098e917d6",
    "https://deno.land/std@0.168.0/async/delay.ts": "5a9bfba8de38840308a7a33786a0155a7f6c1f7a859558ddcec5fe06e16daf57",
    "https://deno.land/std@0.168.0/async/mod.ts": "7809ad4bb223e40f5fdc043e5c7ca04e0e25eed35c32c3c32e28697c553fa6d9",
    "https://deno.land/std@0.168.0/async/mux_async_iterator.ts": "770a0ff26c59f8bbbda6b703a2235f04e379f73238e8d66a087edc68c2a2c35f",
    "https://deno.land/std@0.168.0/async/pool.ts": "6854d8cd675a74c73391c82005cbbe4cc58183bddcd1fbbd7c2bcda42b61cf69",
    "https://deno.land/std@0.168.0/async/retry.ts": "e8e5173623915bbc0ddc537698fa418cf875456c347eda1ed453528645b42e67",
    "https://deno.land/std@0.168.0/async/tee.ts": "3a47cc4e9a940904fd4341f0224907e199121c80b831faa5ec2b054c6d2eff5e",
    "https://deno.land/std@0.168.0/crypto/_fnv/fnv32.ts": "aa9bddead8c6345087d3abd4ef35fb9655622afc333fc41fff382b36e64280b5",
    "https://deno.land/std@0.168.0/crypto/_fnv/fnv64.ts": "625d7e7505b6cb2e9801b5fd6ed0a89256bac12b2bbb3e4664b85a88b0ec5bef",
    "https://deno.land/std@0.168.0/crypto/_fnv/index.ts": "a8f6a361b4c6d54e5e89c16098f99b6962a1dd6ad1307dbc97fa1ecac5d7060a",
    "https://deno.land/std@0.168.0/crypto/_fnv/util.ts": "4848313bed7f00f55be3cb080aa0583fc007812ba965b03e4009665bde614ce3",
    "https://deno.land/std@0.168.0/crypto/_wasm/lib/deno_std_wasm_crypto.generated.mjs": "71c1ac20f32fdbdc9b31a14917779c7fa392dbc8b050059cbb2c35b400b975b1",
    "https://deno.land/std@0.168.0/crypto/_wasm/mod.ts": "b49ec171049bbbaaed3c5a5a71dfcb3d09f880607c8d9c517638d0443bd0f874",
    "https://deno.land/std@0.168.0/crypto/keystack.ts": "ee8ee58ca876f619cef56f40127405f77f9738f50a459b6ba44234b3a2cb6cc8",
    "https://deno.land/std@0.168.0/crypto/mod.ts": "f953406904aa4257a6c76c40eb74b47d8dad83af8a77f33a4639cbac6d311baf",
    "https://deno.land/std@0.168.0/crypto/timing_safe_equal.ts": "3784958e40a5fe10429a68b75cc5f8d34356bf0bc2eb93c80c3033e2a6f17821",
    "https://deno.land/std@0.168.0/crypto/util.ts": "93fc9dbaa62421538ad60ee65337cbf1d8a0298fac3c4f70b37e5627e7e129eb",
    "https://deno.land/std@0.168.0/encoding/base64.ts": "8605e018e49211efc767686f6f687827d7f5fd5217163e981d8d693105640d7a",
    "https://deno.land/std@0.168.0/encoding/base64url.ts": "0283b12fcd306c11e3cf26fc022fecc800c6acc19704ea8bdb3908898fcd06d6",
    "https://deno.land/std@0.168.0/encoding/hex.ts": "b51e99b684486a3ad2406807a8be953f5ef8bac95af202774a759f9fcf0d87a6",
    "https://deno.land/std@0.168.0/http/server.ts": "e99c1bee8a3f6571ee4cdeb2966efad465b8f6fe62bec1bdb59c1f007cc4d155",
    "https://esm.sh/@supabase/auth-js@2.69.1/denonext/auth-js.mjs": "fb31c3925437753f5a8a90fc57ea24dc5b68b2b295e696123b1b6a635b7b3ada",
    "https://esm.sh/@supabase/functions-js@2.4.4/denonext/functions-js.mjs": "7adeb257410ef3c4a8a1eb9b4ff416c0075d1c32860ca04913c8a9dace1de6a6",
    "https://esm.sh/@supabase/node-fetch@2.6.15/denonext/node-fetch.mjs": "0bae9052231f4f6dbccc7234d05ea96923dbf967be12f402764580b6bf9f713d",
    "https://esm.sh/@supabase/node-fetch@2.6.15?target=denonext": "4d28c4ad97328403184353f68434f2b6973971507919e9150297413664919cf3",
    "https://esm.sh/@supabase/postgrest-js@1.19.4/denonext/postgrest-js.mjs": "2073b5552ba10c7a8302bffffae771e3aede1daf833382355dae239fb0ab2576",
    "https://esm.sh/@supabase/realtime-js@2.11.2/denonext/realtime-js.mjs": "c33ac375b6be89c893f9df844d2525a4ace015a35aa6ba236270d00c6605c7ba",
    "https://esm.sh/@supabase/storage-js@2.7.1/denonext/storage-js.mjs": "73ac8cdc95cfcd794fe603dbd7ce06d539ab51538ae6467eabe0f9cc26c993aa",
    "https://esm.sh/@supabase/supabase-js@2.49.7": "0ebd976c1da2f9ea19014c8defa3bea2326ce527f7e4c7ab2a94eecd5547d84e",
    "https://esm.sh/@supabase/supabase-js@2.49.7/denonext/supabase-js.mjs": "76ccfe48023c8840b13630c363553808854136d6f9cb960c383cb3821f309873",
    "https://esm.sh/bufferutil@4.0.9/denonext/bufferutil.mjs": "13dca4d5bb2c68cbe119f880fa3bd785b9a81a8e02e0834dae604b4b85295cd8",
    "https://esm.sh/bufferutil@4.0.9?target=denonext": "e32574569ab438facfcc3f412c659b0719bbf05477136ca176938c9a3ac45125",
    "https://esm.sh/node-gyp-build@4.8.4/denonext/node-gyp-build.mjs": "9a86f2d044fc77bd60aaa3d697c2ba1b818da5fb1b9aaeedec59a40b8e908803",
    "https://esm.sh/node-gyp-build@4.8.4?target=denonext": "261a6cedf1fdbf159798141ba1e2311ac1510682c5c8b55dacc8cf5fdee4aa06",
    "https://esm.sh/tr46@0.0.3/denonext/tr46.mjs": "5753ec0a99414f4055f0c1f97691100f13d88e48a8443b00aebb90a512785fa2",
    "https://esm.sh/tr46@0.0.3?target=denonext": "19cb9be0f0d418a0c3abb81f2df31f080e9540a04e43b0f699bce1149cba0cbb",
    "https://esm.sh/utf-8-validate@6.0.5/denonext/utf-8-validate.mjs": "66b8ea532a0c745068f5b96ddb1bae332c3036703243541d2e89e66331974d98",
    "https://esm.sh/utf-8-validate@6.0.5?target=denonext": "071bc33ba1a58297e23a34d69dd589fd06df04b0f373b382ff5da544a623f271",
    "https://esm.sh/webidl-conversions@3.0.1/denonext/webidl-conversions.mjs": "54b5c2d50a294853c4ccebf9d5ed8988c94f4e24e463d84ec859a866ea5fafec",
    "https://esm.sh/webidl-conversions@3.0.1?target=denonext": "4e20318d50528084616c79d7b3f6e7f0fe7b6d09013bd01b3974d7448d767e29",
    "https://esm.sh/whatwg-url@5.0.0/denonext/whatwg-url.mjs": "29b16d74ee72624c915745bbd25b617cfd2248c6af0f5120d131e232a9a9af79",
    "https://esm.sh/whatwg-url@5.0.0?target=denonext": "f001a2cadf81312d214ca330033f474e74d81a003e21e8c5d70a1f46dc97b02d",
    "https://esm.sh/ws@8.18.2/denonext/ws.mjs": "b9211ecb1511b09f418c1330920c66800b66710b2cd2997b64b7e0525bd895d2",
    "https://esm.sh/ws@8.18.2?target=denonext": "2ee7b1bb11543dda3e7e1c685ad8599b6f18aea785302374c3def5da468a1e51"
  },
  "workspace": {
    "packageJson": {
      "dependencies": [
        "npm:@babel/core@^7.25.2",
        "npm:@dnd-kit/core@^6.3.1",
        "npm:@dnd-kit/sortable@10",
        "npm:@dnd-kit/utilities@^3.2.2",
        "npm:@expo/vector-icons@^14.0.2",
        "npm:@marsidev/react-turnstile@^1.1.0",
        "npm:@react-native-async-storage/async-storage@1.23.1",
        "npm:@react-native-community/datetimepicker@8.2.0",
        "npm:@react-native-picker/picker@2.9.0",
        "npm:@react-native-vector-icons/common@11",
        "npm:@react-native-vector-icons/evil-icons@^1.10.1",
        "npm:@react-native-vector-icons/fontawesome6@^6.7.1",
        "npm:@react-navigation/bottom-tabs@^7.2.0",
        "npm:@react-navigation/native@^7.0.14",
        "npm:@supabase/supabase-js@^2.49.3",
        "npm:@testing-library/jest-dom@^6.6.3",
        "npm:@testing-library/jest-native@^5.4.3",
        "npm:@testing-library/react-native@^13.2.0",
        "npm:@testing-library/react@^16.3.0",
        "npm:@types/ical@~0.8.3",
        "npm:@types/jest@^29.5.14",
        "npm:@types/lodash@^4.17.16",
        "npm:@types/pdfmake@~0.2.11",
        "npm:@types/react-native-draggable-flatlist@^1.1.1",
        "npm:@types/react-test-renderer@^18.3.0",
        "npm:@types/react@~18.3.12",
        "npm:@types/uuid@10",
        "npm:@vitejs/plugin-react@^4.3.4",
        "npm:@vitest/ui@^3.1.1",
        "npm:@wuba/react-native-echarts@^2.0.3",
        "npm:date-fns-tz@^3.2.0",
        "npm:date-fns@^4.1.0",
        "npm:echarts@^5.6.0",
        "npm:eslint-config-expo@~8.0.1",
        "npm:eslint@^8.57.0",
        "npm:expo-application@~6.0.2",
        "npm:expo-blur@~14.0.3",
        "npm:expo-calendar@~14.0.6",
        "npm:expo-constants@~17.0.8",
        "npm:expo-dev-client@~5.0.19",
        "npm:expo-device@~7.0.3",
        "npm:expo-document-picker@~13.0.3",
        "npm:expo-file-system@~18.0.12",
        "npm:expo-font@~13.0.4",
        "npm:expo-haptics@~14.0.1",
        "npm:expo-image-picker@~16.0.6",
        "npm:expo-intent-launcher@~12.0.2",
        "npm:expo-linking@~7.0.5",
        "npm:expo-notifications@~0.29.14",
        "npm:expo-print@~14.0.3",
        "npm:expo-router@~4.0.21",
        "npm:expo-secure-store@^14.0.1",
        "npm:expo-sharing@~13.0.1",
        "npm:expo-splash-screen@~0.29.24",
        "npm:expo-status-bar@~2.0.1",
        "npm:expo-symbols@~0.2.2",
        "npm:expo-system-ui@~4.0.9",
        "npm:expo-task-manager@~12.0.6",
        "npm:expo-updates@~0.27.4",
        "npm:expo-web-browser@~14.0.2",
        "npm:expo@~52.0.46",
        "npm:ical@0.8",
        "npm:jest-expo@~52.0.6",
        "npm:jest@^29.7.0",
        "npm:pdfmake@~0.2.19",
        "npm:react-dom@18.3.1",
        "npm:react-native-calendars@^1.1310.0",
        "npm:react-native-draggable-flatlist@^4.0.3",
        "npm:react-native-gesture-handler@~2.20.2",
        "npm:react-native-modal-datetime-picker@18",
        "npm:react-native-modal@^14.0.0-rc.1",
        "npm:react-native-pdf-renderer@^1.6.0",
        "npm:react-native-reanimated@~3.16.1",
        "npm:react-native-root-toast@^4.0.1",
        "npm:react-native-safe-area-context@4.12.0",
        "npm:react-native-screens@4.4",
        "npm:react-native-toast-message@^2.2.1",
        "npm:react-native-turnstile@^1.0.9",
        "npm:react-native-url-polyfill@2",
        "npm:react-native-web@~0.19.13",
        "npm:react-native-webview@^13.12.5",
        "npm:react-native@0.76.9",
        "npm:react-test-renderer@18.3.1",
        "npm:react@18.3.1",
        "npm:supabase@^2.23.4",
        "npm:typescript@^5.3.3",
        "npm:vite-tsconfig-paths@^5.1.4",
        "npm:vitest@^3.1.1",
        "npm:zod@^3.24.2",
        "npm:zustand@^5.0.3"
      ]
    }
  }
}
